
Microsoft Visual Studio Solution File, Format Version 12.00
# Visual Studio 15
VisualStudioVersion = 15.0.27428.2037
MinimumVisualStudioVersion = 10.0.40219.1
Project("{FAE04EC0-301F-11D3-BF4B-00C04F79EFBC}") = "AlignString_IO", "AlignString_IO\AlignString_IO.csproj", "{4A3F16DB-2874-4933-BA16-E690119B79CC}"
EndProject
Global
	GlobalSection(SolutionConfigurationPlatforms) = preSolution
		Debug|Any CPU = Debug|Any CPU
		Release|Any CPU = Release|Any CPU
	EndGlobalSection
	GlobalSection(ProjectConfigurationPlatforms) = postSolution
		{4A3F16DB-2874-4933-BA16-E690119B79CC}.Debug|Any CPU.ActiveCfg = Debug|Any CPU
		{4A3F16DB-2874-4933-BA16-E690119B79CC}.Debug|Any CPU.Build.0 = Debug|Any CPU
		{4A3F16DB-2874-4933-BA16-E690119B79CC}.Release|Any CPU.ActiveCfg = Release|Any CPU
		{4A3F16DB-2874-4933-BA16-E690119B79CC}.Release|Any CPU.Build.0 = Release|Any CPU
	EndGlobalSection
	GlobalSection(SolutionProperties) = preSolution
		HideSolutionNode = FALSE
	EndGlobalSection
	GlobalSection(ExtensibilityGlobals) = postSolution
		SolutionGuid = {6556B3BD-B32A-4EBD-AC29-72983DBF862B}
	EndGlobalSection
EndGlobal
